{
  "name": "erc20-demo-zeppline-solidity",
  "lockfileVersion": 2,
  "requires": true,
  "packages": {
    "": {
      "dependencies": {
        "@chainlink/contracts": "^0.4.1",
        "@openzeppelin/contracts": "^4.6.0"
      },
      "devDependencies": {
        "openzeppelin-solidity": "^4.6.0"
      }
    },
    "node_modules/@chainlink/contracts": {
      "version": "0.4.1",
      "resolved": "https://registry.npmjs.org/@chainlink/contracts/-/contracts-0.4.1.tgz",
      "integrity": "sha512-eC8biY6Ks8k9kZKVt5305veCP3z57yyiy6Os5aR6auta6Bp34xWQ/s4qvrifcW4FNgWw1HJPwMPXDGfiehcLjg=="
    },
    "node_modules/@openzeppelin/contracts": {
      "version": "4.6.0",
      "resolved": "https://registry.npmjs.org/@openzeppelin/contracts/-/contracts-4.6.0.tgz",
      "integrity": "sha512-8vi4d50NNya/bQqCmaVzvHNmwHvS0OBKb7HNtuNwEE3scXWrP31fKQoGxNMT+KbzmrNZzatE3QK5p2gFONI/hg=="
    },
    "node_modules/openzeppelin-solidity": {
      "version": "4.6.0",
      "resolved": "https://registry.npmjs.org/openzeppelin-solidity/-/openzeppelin-solidity-4.6.0.tgz",
      "integrity": "sha512-Os4FUzc5V+4U2lpFyJA0kWh5fy3AZhYgS8CmB3Db4c4NGd3SsjFzuvWjBybn7NA4KZG7Gf6Lb7BdS8Cxb8Adtw==",
      "deprecated": "This package is now published as @openzeppelin/contracts. Please change your dependency.",
      "dev": true,
      "bin": {
        "openzeppelin-contracts-migrate-imports": "scripts/migrate-imports.js"
      }
    }
  },
  "dependencies": {
    "@chainlink/contracts": {
      "version": "0.4.1",
      "resolved": "https://registry.npmjs.org/@chainlink/contracts/-/contracts-0.4.1.tgz",
      "integrity": "sha512-eC8biY6Ks8k9kZKVt5305veCP3z57yyiy6Os5aR6auta6Bp34xWQ/s4qvrifcW4FNgWw1HJPwMPXDGfiehcLjg=="
    },
    "@openzeppelin/contracts": {
      "version": "4.6.0",
      "resolved": "https://registry.npmjs.org/@openzeppelin/contracts/-/contracts-4.6.0.tgz",
      "integrity": "sha512-8vi4d50NNya/bQqCmaVzvHNmwHvS0OBKb7HNtuNwEE3scXWrP31fKQoGxNMT+KbzmrNZzatE3QK5p2gFONI/hg=="
    },
    "openzeppelin-solidity": {
      "version": "4.6.0",
      "resolved": "https://registry.npmjs.org/openzeppelin-solidity/-/openzeppelin-solidity-4.6.0.tgz",
      "integrity": "sha512-Os4FUzc5V+4U2lpFyJA0kWh5fy3AZhYgS8CmB3Db4c4NGd3SsjFzuvWjBybn7NA4KZG7Gf6Lb7BdS8Cxb8Adtw==",
      "dev": true
    }
  }
}
